
Microsoft Visual Studio Solution File, Format Version 12.00
# Visual Studio Express 2013 for Windows Desktop
VisualStudioVersion = 12.0.30723.0
MinimumVisualStudioVersion = 10.0.40219.1
Project("{FAE04EC0-301F-11D3-BF4B-00C04F79EFBC}") = "SimpleMediaPlayer", "SimpleMediaPlayer.csproj", "{F699FA49-F67D-47B1-B03A-022CDDB862BB}"
	ProjectSection(ProjectDependencies) = postProject
		{A439047D-167E-4ED7-B93C-19424DBC1EB2} = {A439047D-167E-4ED7-B93C-19424DBC1EB2}
		{90F044B0-C292-4D7D-A9F9-8CFF2007000F} = {90F044B0-C292-4D7D-A9F9-8CFF2007000F}
	EndProjectSection
EndProject
Project("{FAE04EC0-301F-11D3-BF4B-00C04F79EFBC}") = "WmpFormsLib", "WmpFormsLib\WmpFormsLib.csproj", "{A439047D-167E-4ED7-B93C-19424DBC1EB2}"
EndProject
Project("{FAE04EC0-301F-11D3-BF4B-00C04F79EFBC}") = "PjlinkLib", "PjlinkLib\PjlinkLib.csproj", "{90F044B0-C292-4D7D-A9F9-8CFF2007000F}"
EndProject
Global
	GlobalSection(SolutionConfigurationPlatforms) = preSolution
		Debug|Any CPU = Debug|Any CPU
		Debug|x86 = Debug|x86
		Release|Any CPU = Release|Any CPU
		Release|x86 = Release|x86
	EndGlobalSection
	GlobalSection(ProjectConfigurationPlatforms) = postSolution
		{F699FA49-F67D-47B1-B03A-022CDDB862BB}.Debug|Any CPU.ActiveCfg = Debug|Any CPU
		{F699FA49-F67D-47B1-B03A-022CDDB862BB}.Debug|Any CPU.Build.0 = Debug|Any CPU
		{F699FA49-F67D-47B1-B03A-022CDDB862BB}.Debug|x86.ActiveCfg = Debug|x86
		{F699FA49-F67D-47B1-B03A-022CDDB862BB}.Debug|x86.Build.0 = Debug|x86
		{F699FA49-F67D-47B1-B03A-022CDDB862BB}.Release|Any CPU.ActiveCfg = Release|Any CPU
		{F699FA49-F67D-47B1-B03A-022CDDB862BB}.Release|Any CPU.Build.0 = Release|Any CPU
		{F699FA49-F67D-47B1-B03A-022CDDB862BB}.Release|x86.ActiveCfg = Release|x86
		{F699FA49-F67D-47B1-B03A-022CDDB862BB}.Release|x86.Build.0 = Release|x86
		{A439047D-167E-4ED7-B93C-19424DBC1EB2}.Debug|Any CPU.ActiveCfg = Debug|Any CPU
		{A439047D-167E-4ED7-B93C-19424DBC1EB2}.Debug|Any CPU.Build.0 = Debug|Any CPU
		{A439047D-167E-4ED7-B93C-19424DBC1EB2}.Debug|x86.ActiveCfg = Debug|Any CPU
		{A439047D-167E-4ED7-B93C-19424DBC1EB2}.Release|Any CPU.ActiveCfg = Release|Any CPU
		{A439047D-167E-4ED7-B93C-19424DBC1EB2}.Release|Any CPU.Build.0 = Release|Any CPU
		{A439047D-167E-4ED7-B93C-19424DBC1EB2}.Release|x86.ActiveCfg = Release|Any CPU
		{90F044B0-C292-4D7D-A9F9-8CFF2007000F}.Debug|Any CPU.ActiveCfg = Debug|Any CPU
		{90F044B0-C292-4D7D-A9F9-8CFF2007000F}.Debug|Any CPU.Build.0 = Debug|Any CPU
		{90F044B0-C292-4D7D-A9F9-8CFF2007000F}.Debug|x86.ActiveCfg = Debug|Any CPU
		{90F044B0-C292-4D7D-A9F9-8CFF2007000F}.Release|Any CPU.ActiveCfg = Release|Any CPU
		{90F044B0-C292-4D7D-A9F9-8CFF2007000F}.Release|Any CPU.Build.0 = Release|Any CPU
		{90F044B0-C292-4D7D-A9F9-8CFF2007000F}.Release|x86.ActiveCfg = Release|Any CPU
	EndGlobalSection
	GlobalSection(SolutionProperties) = preSolution
		HideSolutionNode = FALSE
	EndGlobalSection
EndGlobal
